
Microsoft Visual Studio Solution File, Format Version 12.00
# Visual Studio 15
VisualStudioVersion = 15.0.27703.2026
MinimumVisualStudioVersion = 10.0.40219.1
Project("{9A19103F-16F7-4668-BE54-9A1E7A4F7556}") = "Dianper.FeatureToggle.Sample", "src\Dianper.FeatureToggle.Sample\Dianper.FeatureToggle.Sample.csproj", "{73800FAC-149C-4AD3-80EE-8F0F3CB5C413}"
EndProject
Project("{9A19103F-16F7-4668-BE54-9A1E7A4F7556}") = "Dianper.FeatureToggle", "src\Dianper.FeatureToggle\Dianper.FeatureToggle.csproj", "{05484266-BD5F-488A-A80C-5C3F254CE741}"
EndProject
Project("{FAE04EC0-301F-11D3-BF4B-00C04F79EFBC}") = "Dianper.FeatureToggle.Tests", "src\Dianper.FeatureToggle.Tests\Dianper.FeatureToggle.Tests.csproj", "{AD3D7456-3F00-4849-AAB3-3FC96C92E7E7}"
EndProject
Global
	GlobalSection(SolutionConfigurationPlatforms) = preSolution
		Debug|Any CPU = Debug|Any CPU
		Release|Any CPU = Release|Any CPU
	EndGlobalSection
	GlobalSection(ProjectConfigurationPlatforms) = postSolution
		{73800FAC-149C-4AD3-80EE-8F0F3CB5C413}.Debug|Any CPU.ActiveCfg = Debug|Any CPU
		{73800FAC-149C-4AD3-80EE-8F0F3CB5C413}.Debug|Any CPU.Build.0 = Debug|Any CPU
		{73800FAC-149C-4AD3-80EE-8F0F3CB5C413}.Release|Any CPU.ActiveCfg = Release|Any CPU
		{73800FAC-149C-4AD3-80EE-8F0F3CB5C413}.Release|Any CPU.Build.0 = Release|Any CPU
		{05484266-BD5F-488A-A80C-5C3F254CE741}.Debug|Any CPU.ActiveCfg = Debug|Any CPU
		{05484266-BD5F-488A-A80C-5C3F254CE741}.Debug|Any CPU.Build.0 = Debug|Any CPU
		{05484266-BD5F-488A-A80C-5C3F254CE741}.Release|Any CPU.ActiveCfg = Release|Any CPU
		{05484266-BD5F-488A-A80C-5C3F254CE741}.Release|Any CPU.Build.0 = Release|Any CPU
		{AD3D7456-3F00-4849-AAB3-3FC96C92E7E7}.Debug|Any CPU.ActiveCfg = Debug|Any CPU
		{AD3D7456-3F00-4849-AAB3-3FC96C92E7E7}.Debug|Any CPU.Build.0 = Debug|Any CPU
		{AD3D7456-3F00-4849-AAB3-3FC96C92E7E7}.Release|Any CPU.ActiveCfg = Release|Any CPU
		{AD3D7456-3F00-4849-AAB3-3FC96C92E7E7}.Release|Any CPU.Build.0 = Release|Any CPU
	EndGlobalSection
	GlobalSection(SolutionProperties) = preSolution
		HideSolutionNode = FALSE
	EndGlobalSection
	GlobalSection(ExtensibilityGlobals) = postSolution
		SolutionGuid = {672CFF55-F5E8-43EC-9A75-5C48ABFAD149}
	EndGlobalSection
EndGlobal
