
Microsoft Visual Studio Solution File, Format Version 12.00
# Visual Studio 15
VisualStudioVersion = 15.0.27703.2026
MinimumVisualStudioVersion = 10.0.40219.1
Project("{9A19103F-16F7-4668-BE54-9A1E7A4F7556}") = "dianper.feature.toggle.web", "WebApplication1\dianper.feature.toggle.web.csproj", "{73800FAC-149C-4AD3-80EE-8F0F3CB5C413}"
EndProject
Global
	GlobalSection(SolutionConfigurationPlatforms) = preSolution
		Debug|Any CPU = Debug|Any CPU
		Release|Any CPU = Release|Any CPU
	EndGlobalSection
	GlobalSection(ProjectConfigurationPlatforms) = postSolution
		{73800FAC-149C-4AD3-80EE-8F0F3CB5C413}.Debug|Any CPU.ActiveCfg = Debug|Any CPU
		{73800FAC-149C-4AD3-80EE-8F0F3CB5C413}.Debug|Any CPU.Build.0 = Debug|Any CPU
		{73800FAC-149C-4AD3-80EE-8F0F3CB5C413}.Release|Any CPU.ActiveCfg = Release|Any CPU
		{73800FAC-149C-4AD3-80EE-8F0F3CB5C413}.Release|Any CPU.Build.0 = Release|Any CPU
	EndGlobalSection
	GlobalSection(SolutionProperties) = preSolution
		HideSolutionNode = FALSE
	EndGlobalSection
	GlobalSection(ExtensibilityGlobals) = postSolution
		SolutionGuid = {672CFF55-F5E8-43EC-9A75-5C48ABFAD149}
	EndGlobalSection
EndGlobal
